// !$*UTF8*$!
{
	archiveVersion = 1;
	classes = {
	};
	objectVersion = 56;
	objects = {

/* Begin PBXBuildFile section */
		9929F8D42B14C5B400A1C1B6 /* BeChillApp.swift in Sources */ = {isa = PBXBuildFile; fileRef = 9929F8D32B14C5B400A1C1B6 /* BeChillApp.swift */; };
		9929F8DA2B14C5B500A1C1B6 /* Assets.xcassets in Resources */ = {isa = PBXBuildFile; fileRef = 9929F8D92B14C5B500A1C1B6 /* Assets.xcassets */; };
		9929F8DD2B14C5B500A1C1B6 /* Preview Assets.xcassets in Resources */ = {isa = PBXBuildFile; fileRef = 9929F8DC2B14C5B500A1C1B6 /* Preview Assets.xcassets */; };
		9929F8E72B14C5B600A1C1B6 /* BeChillTests.swift in Sources */ = {isa = PBXBuildFile; fileRef = 9929F8E62B14C5B600A1C1B6 /* BeChillTests.swift */; };
		9929F8F12B14C5B600A1C1B6 /* BeChillUITests.swift in Sources */ = {isa = PBXBuildFile; fileRef = 9929F8F02B14C5B600A1C1B6 /* BeChillUITests.swift */; };
		9929F8F32B14C5B600A1C1B6 /* BeChillUITestsLaunchTests.swift in Sources */ = {isa = PBXBuildFile; fileRef = 9929F8F22B14C5B600A1C1B6 /* BeChillUITestsLaunchTests.swift */; };
		9929F90A2B14CA9F00A1C1B6 /* ContentView.swift in Sources */ = {isa = PBXBuildFile; fileRef = 9929F9082B14CA9F00A1C1B6 /* ContentView.swift */; };
		9929F90D2B14CAB800A1C1B6 /* Item.swift in Sources */ = {isa = PBXBuildFile; fileRef = 9929F90C2B14CAB800A1C1B6 /* Item.swift */; };
		9929F91E2B14CAFF00A1C1B6 /* SignInView.swift in Sources */ = {isa = PBXBuildFile; fileRef = 9929F9182B14CAFF00A1C1B6 /* SignInView.swift */; };
		9929F9202B14CAFF00A1C1B6 /* SignUpView.swift in Sources */ = {isa = PBXBuildFile; fileRef = 9929F91A2B14CAFF00A1C1B6 /* SignUpView.swift */; };
		9929F9252B14CB0500A1C1B6 /* LogoNameView.swift in Sources */ = {isa = PBXBuildFile; fileRef = 9929F9242B14CB0500A1C1B6 /* LogoNameView.swift */; };
		9929F9282B14CBE700A1C1B6 /* SignInWithApple.swift in Sources */ = {isa = PBXBuildFile; fileRef = 9929F9262B14CBE700A1C1B6 /* SignInWithApple.swift */; };
		9929F9292B14CBE700A1C1B6 /* SignInWithGoogle.swift in Sources */ = {isa = PBXBuildFile; fileRef = 9929F9272B14CBE700A1C1B6 /* SignInWithGoogle.swift */; };
		9929F92C2B14CBEF00A1C1B6 /* Errors.swift in Sources */ = {isa = PBXBuildFile; fileRef = 9929F92A2B14CBEF00A1C1B6 /* Errors.swift */; };
		9929F92D2B14CBEF00A1C1B6 /* Utils.swift in Sources */ = {isa = PBXBuildFile; fileRef = 9929F92B2B14CBEF00A1C1B6 /* Utils.swift */; };
		9929F9302B14CBF500A1C1B6 /* AuthService.swift in Sources */ = {isa = PBXBuildFile; fileRef = 9929F92E2B14CBF500A1C1B6 /* AuthService.swift */; };
		9929F9312B14CBF500A1C1B6 /* DataService.swift in Sources */ = {isa = PBXBuildFile; fileRef = 9929F92F2B14CBF500A1C1B6 /* DataService.swift */; };
		9929F94C2B161EAD00A1C1B6 /* Abuget.ttf in Resources */ = {isa = PBXBuildFile; fileRef = 9929F9352B161EAD00A1C1B6 /* Abuget.ttf */; };
		9929F94E2B161EAD00A1C1B6 /* Worstveld.inf in Resources */ = {isa = PBXBuildFile; fileRef = 9929F9382B161EAD00A1C1B6 /* Worstveld.inf */; };
		9929F94F2B161EAD00A1C1B6 /* Worstveld oblique.otf in Resources */ = {isa = PBXBuildFile; fileRef = 9929F9392B161EAD00A1C1B6 /* Worstveld oblique.otf */; };
		9929F9502B161EAD00A1C1B6 /* Worstveld.otf in Resources */ = {isa = PBXBuildFile; fileRef = 9929F93A2B161EAD00A1C1B6 /* Worstveld.otf */; };
		9929F9512B161EAD00A1C1B6 /* Worstveld Oblique.inf in Resources */ = {isa = PBXBuildFile; fileRef = 9929F93B2B161EAD00A1C1B6 /* Worstveld Oblique.inf */; };
		9929F9522B161EAD00A1C1B6 /* WorstveldSlingOblique.ttf in Resources */ = {isa = PBXBuildFile; fileRef = 9929F93C2B161EAD00A1C1B6 /* WorstveldSlingOblique.ttf */; };
		9929F9532B161EAD00A1C1B6 /* Worstveld.pfm in Resources */ = {isa = PBXBuildFile; fileRef = 9929F93D2B161EAD00A1C1B6 /* Worstveld.pfm */; };
		9929F9542B161EAD00A1C1B6 /* Worstveld.pfb in Resources */ = {isa = PBXBuildFile; fileRef = 9929F93E2B161EAD00A1C1B6 /* Worstveld.pfb */; };
		9929F9552B161EAD00A1C1B6 /* Worstveld Oblique.afm in Resources */ = {isa = PBXBuildFile; fileRef = 9929F93F2B161EAD00A1C1B6 /* Worstveld Oblique.afm */; };
		9929F9562B161EAD00A1C1B6 /* Worstveld Oblique.pfm in Resources */ = {isa = PBXBuildFile; fileRef = 9929F9402B161EAD00A1C1B6 /* Worstveld Oblique.pfm */; };
		9929F9572B161EAD00A1C1B6 /* Worstveld Oblique.pfb in Resources */ = {isa = PBXBuildFile; fileRef = 9929F9412B161EAD00A1C1B6 /* Worstveld Oblique.pfb */; };
		9929F9582B161EAD00A1C1B6 /* license.txt in Resources */ = {isa = PBXBuildFile; fileRef = 9929F9422B161EAD00A1C1B6 /* license.txt */; };
		9929F9592B161EAD00A1C1B6 /* WorstveldSling.ttf in Resources */ = {isa = PBXBuildFile; fileRef = 9929F9432B161EAD00A1C1B6 /* WorstveldSling.ttf */; };
		9929F95A2B161EAD00A1C1B6 /* Worstveld.afm in Resources */ = {isa = PBXBuildFile; fileRef = 9929F9442B161EAD00A1C1B6 /* Worstveld.afm */; };
		9929F95D2B161EAD00A1C1B6 /* Apalu.ttf in Resources */ = {isa = PBXBuildFile; fileRef = 9929F9472B161EAD00A1C1B6 /* Apalu.ttf */; };
		9929F95E2B161EAD00A1C1B6 /* Reman.ttf in Resources */ = {isa = PBXBuildFile; fileRef = 9929F9482B161EAD00A1C1B6 /* Reman.ttf */; };
		9929F9612B161EAD00A1C1B6 /* angelina.TTF in Resources */ = {isa = PBXBuildFile; fileRef = 9929F94B2B161EAD00A1C1B6 /* angelina.TTF */; };
		9929F9662B16A6BA00A1C1B6 /* MaterialBlur.swift in Sources */ = {isa = PBXBuildFile; fileRef = 9929F9652B16A6BA00A1C1B6 /* MaterialBlur.swift */; };
		9929F9682B16A6C100A1C1B6 /* RegularBlur.swift in Sources */ = {isa = PBXBuildFile; fileRef = 9929F9672B16A6C100A1C1B6 /* RegularBlur.swift */; };
		9929F97E2B16C01700A1C1B6 /* Post.swift in Sources */ = {isa = PBXBuildFile; fileRef = 9929F97D2B16C01700A1C1B6 /* Post.swift */; };
		9929F9852B179CE300A1C1B6 /* Color.swift in Sources */ = {isa = PBXBuildFile; fileRef = 9929F9842B179CE300A1C1B6 /* Color.swift */; };
		9929F9872B179DA400A1C1B6 /* TextField.swift in Sources */ = {isa = PBXBuildFile; fileRef = 9929F9862B179DA400A1C1B6 /* TextField.swift */; };
		9929F9892B179DBA00A1C1B6 /* SecureField.swift in Sources */ = {isa = PBXBuildFile; fileRef = 9929F9882B179DBA00A1C1B6 /* SecureField.swift */; };
		9929F98B2B179E0A00A1C1B6 /* Constants.swift in Sources */ = {isa = PBXBuildFile; fileRef = 9929F98A2B179E0A00A1C1B6 /* Constants.swift */; };
		9929F98D2B179E4300A1C1B6 /* UserDefaultsUtils.swift in Sources */ = {isa = PBXBuildFile; fileRef = 9929F98C2B179E4300A1C1B6 /* UserDefaultsUtils.swift */; };
		9953D5A92B1C45DA009B1A31 /* ProfileView.swift in Sources */ = {isa = PBXBuildFile; fileRef = 9953D5A82B1C45DA009B1A31 /* ProfileView.swift */; };
		9953D5AB2B1C45FF009B1A31 /* User.swift in Sources */ = {isa = PBXBuildFile; fileRef = 9953D5AA2B1C45FF009B1A31 /* User.swift */; };
		9953D5AE2B1CDC51009B1A31 /* TabStateScrollView.swift in Sources */ = {isa = PBXBuildFile; fileRef = 9953D5AD2B1CDC51009B1A31 /* TabStateScrollView.swift */; };
		9953D5B02B1CDD73009B1A31 /* HotFeedView.swift in Sources */ = {isa = PBXBuildFile; fileRef = 9953D5AF2B1CDD73009B1A31 /* HotFeedView.swift */; };
		999CF74D2B1ABC550054798E /* PostView.swift in Sources */ = {isa = PBXBuildFile; fileRef = 999CF74C2B1ABC550054798E /* PostView.swift */; };
		99E22FFB2B26079500C0456A /* AddPostView.swift in Sources */ = {isa = PBXBuildFile; fileRef = 99E22FFA2B26079500C0456A /* AddPostView.swift */; };
		99E22FFD2B26333500C0456A /* String.swift in Sources */ = {isa = PBXBuildFile; fileRef = 99E22FFC2B26333500C0456A /* String.swift */; };
		99E4BBE62B20E95700D5D1C8 /* DateViewType.swift in Sources */ = {isa = PBXBuildFile; fileRef = 99E4BBE52B20E95700D5D1C8 /* DateViewType.swift */; };
		99E57B732B1B6ED400D524EB /* FeedView.swift in Sources */ = {isa = PBXBuildFile; fileRef = 99E57B722B1B6ED400D524EB /* FeedView.swift */; };
		99F83CE42B1B688100497966 /* TabBarView.swift in Sources */ = {isa = PBXBuildFile; fileRef = 99F83CE32B1B688100497966 /* TabBarView.swift */; };
/* End PBXBuildFile section */

/* Begin PBXContainerItemProxy section */
		9929F8E32B14C5B600A1C1B6 /* PBXContainerItemProxy */ = {
			isa = PBXContainerItemProxy;
			containerPortal = 9929F8C82B14C5B400A1C1B6 /* Project object */;
			proxyType = 1;
			remoteGlobalIDString = 9929F8CF2B14C5B400A1C1B6;
			remoteInfo = BeChill;
		};
		9929F8ED2B14C5B600A1C1B6 /* PBXContainerItemProxy */ = {
			isa = PBXContainerItemProxy;
			containerPortal = 9929F8C82B14C5B400A1C1B6 /* Project object */;
			proxyType = 1;
			remoteGlobalIDString = 9929F8CF2B14C5B400A1C1B6;
			remoteInfo = BeChill;
		};
/* End PBXContainerItemProxy section */

/* Begin PBXFileReference section */
		9929F8D02B14C5B400A1C1B6 /* BeChill.app */ = {isa = PBXFileReference; explicitFileType = wrapper.application; includeInIndex = 0; path = BeChill.app; sourceTree = BUILT_PRODUCTS_DIR; };
		9929F8D32B14C5B400A1C1B6 /* BeChillApp.swift */ = {isa = PBXFileReference; lastKnownFileType = sourcecode.swift; path = BeChillApp.swift; sourceTree = "<group>"; };
		9929F8D92B14C5B500A1C1B6 /* Assets.xcassets */ = {isa = PBXFileReference; lastKnownFileType = folder.assetcatalog; path = Assets.xcassets; sourceTree = "<group>"; };
		9929F8DC2B14C5B500A1C1B6 /* Preview Assets.xcassets */ = {isa = PBXFileReference; lastKnownFileType = folder.assetcatalog; path = "Preview Assets.xcassets"; sourceTree = "<group>"; };
		9929F8E22B14C5B500A1C1B6 /* BeChillTests.xctest */ = {isa = PBXFileReference; explicitFileType = wrapper.cfbundle; includeInIndex = 0; path = BeChillTests.xctest; sourceTree = BUILT_PRODUCTS_DIR; };
		9929F8E62B14C5B600A1C1B6 /* BeChillTests.swift */ = {isa = PBXFileReference; lastKnownFileType = sourcecode.swift; path = BeChillTests.swift; sourceTree = "<group>"; };
		9929F8EC2B14C5B600A1C1B6 /* BeChillUITests.xctest */ = {isa = PBXFileReference; explicitFileType = wrapper.cfbundle; includeInIndex = 0; path = BeChillUITests.xctest; sourceTree = BUILT_PRODUCTS_DIR; };
		9929F8F02B14C5B600A1C1B6 /* BeChillUITests.swift */ = {isa = PBXFileReference; lastKnownFileType = sourcecode.swift; path = BeChillUITests.swift; sourceTree = "<group>"; };
		9929F8F22B14C5B600A1C1B6 /* BeChillUITestsLaunchTests.swift */ = {isa = PBXFileReference; lastKnownFileType = sourcecode.swift; path = BeChillUITestsLaunchTests.swift; sourceTree = "<group>"; };
		9929F9082B14CA9F00A1C1B6 /* ContentView.swift */ = {isa = PBXFileReference; fileEncoding = 4; lastKnownFileType = sourcecode.swift; name = ContentView.swift; path = View/Subviews/ContentView.swift; sourceTree = "<group>"; };
		9929F90C2B14CAB800A1C1B6 /* Item.swift */ = {isa = PBXFileReference; fileEncoding = 4; lastKnownFileType = sourcecode.swift; path = Item.swift; sourceTree = "<group>"; };
		9929F9182B14CAFF00A1C1B6 /* SignInView.swift */ = {isa = PBXFileReference; fileEncoding = 4; lastKnownFileType = sourcecode.swift; path = SignInView.swift; sourceTree = "<group>"; };
		9929F91A2B14CAFF00A1C1B6 /* SignUpView.swift */ = {isa = PBXFileReference; fileEncoding = 4; lastKnownFileType = sourcecode.swift; path = SignUpView.swift; sourceTree = "<group>"; };
		9929F9242B14CB0500A1C1B6 /* LogoNameView.swift */ = {isa = PBXFileReference; fileEncoding = 4; lastKnownFileType = sourcecode.swift; path = LogoNameView.swift; sourceTree = "<group>"; };
		9929F9262B14CBE700A1C1B6 /* SignInWithApple.swift */ = {isa = PBXFileReference; fileEncoding = 4; lastKnownFileType = sourcecode.swift; path = SignInWithApple.swift; sourceTree = "<group>"; };
		9929F9272B14CBE700A1C1B6 /* SignInWithGoogle.swift */ = {isa = PBXFileReference; fileEncoding = 4; lastKnownFileType = sourcecode.swift; path = SignInWithGoogle.swift; sourceTree = "<group>"; };
		9929F92A2B14CBEF00A1C1B6 /* Errors.swift */ = {isa = PBXFileReference; fileEncoding = 4; lastKnownFileType = sourcecode.swift; path = Errors.swift; sourceTree = "<group>"; };
		9929F92B2B14CBEF00A1C1B6 /* Utils.swift */ = {isa = PBXFileReference; fileEncoding = 4; lastKnownFileType = sourcecode.swift; path = Utils.swift; sourceTree = "<group>"; };
		9929F92E2B14CBF500A1C1B6 /* AuthService.swift */ = {isa = PBXFileReference; fileEncoding = 4; lastKnownFileType = sourcecode.swift; path = AuthService.swift; sourceTree = "<group>"; };
		9929F92F2B14CBF500A1C1B6 /* DataService.swift */ = {isa = PBXFileReference; fileEncoding = 4; lastKnownFileType = sourcecode.swift; path = DataService.swift; sourceTree = "<group>"; };
		9929F9352B161EAD00A1C1B6 /* Abuget.ttf */ = {isa = PBXFileReference; lastKnownFileType = file; path = Abuget.ttf; sourceTree = "<group>"; };
		9929F9382B161EAD00A1C1B6 /* Worstveld.inf */ = {isa = PBXFileReference; fileEncoding = 4; lastKnownFileType = text; path = Worstveld.inf; sourceTree = "<group>"; };
		9929F9392B161EAD00A1C1B6 /* Worstveld oblique.otf */ = {isa = PBXFileReference; lastKnownFileType = file; path = "Worstveld oblique.otf"; sourceTree = "<group>"; };
		9929F93A2B161EAD00A1C1B6 /* Worstveld.otf */ = {isa = PBXFileReference; lastKnownFileType = file; path = Worstveld.otf; sourceTree = "<group>"; };
		9929F93B2B161EAD00A1C1B6 /* Worstveld Oblique.inf */ = {isa = PBXFileReference; fileEncoding = 4; lastKnownFileType = text; path = "Worstveld Oblique.inf"; sourceTree = "<group>"; };
		9929F93C2B161EAD00A1C1B6 /* WorstveldSlingOblique.ttf */ = {isa = PBXFileReference; lastKnownFileType = file; path = WorstveldSlingOblique.ttf; sourceTree = "<group>"; };
		9929F93D2B161EAD00A1C1B6 /* Worstveld.pfm */ = {isa = PBXFileReference; lastKnownFileType = file; path = Worstveld.pfm; sourceTree = "<group>"; };
		9929F93E2B161EAD00A1C1B6 /* Worstveld.pfb */ = {isa = PBXFileReference; lastKnownFileType = file; path = Worstveld.pfb; sourceTree = "<group>"; };
		9929F93F2B161EAD00A1C1B6 /* Worstveld Oblique.afm */ = {isa = PBXFileReference; fileEncoding = 4; lastKnownFileType = text; path = "Worstveld Oblique.afm"; sourceTree = "<group>"; };
		9929F9402B161EAD00A1C1B6 /* Worstveld Oblique.pfm */ = {isa = PBXFileReference; lastKnownFileType = file; path = "Worstveld Oblique.pfm"; sourceTree = "<group>"; };
		9929F9412B161EAD00A1C1B6 /* Worstveld Oblique.pfb */ = {isa = PBXFileReference; lastKnownFileType = file; path = "Worstveld Oblique.pfb"; sourceTree = "<group>"; };
		9929F9422B161EAD00A1C1B6 /* license.txt */ = {isa = PBXFileReference; fileEncoding = 4; lastKnownFileType = text; path = license.txt; sourceTree = "<group>"; };
		9929F9432B161EAD00A1C1B6 /* WorstveldSling.ttf */ = {isa = PBXFileReference; lastKnownFileType = file; path = WorstveldSling.ttf; sourceTree = "<group>"; };
		9929F9442B161EAD00A1C1B6 /* Worstveld.afm */ = {isa = PBXFileReference; fileEncoding = 4; lastKnownFileType = text; path = Worstveld.afm; sourceTree = "<group>"; };
		9929F9472B161EAD00A1C1B6 /* Apalu.ttf */ = {isa = PBXFileReference; lastKnownFileType = file; path = Apalu.ttf; sourceTree = "<group>"; };
		9929F9482B161EAD00A1C1B6 /* Reman.ttf */ = {isa = PBXFileReference; lastKnownFileType = file; path = Reman.ttf; sourceTree = "<group>"; };
		9929F94B2B161EAD00A1C1B6 /* angelina.TTF */ = {isa = PBXFileReference; lastKnownFileType = file; path = angelina.TTF; sourceTree = "<group>"; };
		9929F9642B16535C00A1C1B6 /* Info.plist */ = {isa = PBXFileReference; lastKnownFileType = text.plist; path = Info.plist; sourceTree = "<group>"; };
		9929F9652B16A6BA00A1C1B6 /* MaterialBlur.swift */ = {isa = PBXFileReference; fileEncoding = 4; lastKnownFileType = sourcecode.swift; path = MaterialBlur.swift; sourceTree = "<group>"; };
		9929F9672B16A6C100A1C1B6 /* RegularBlur.swift */ = {isa = PBXFileReference; fileEncoding = 4; lastKnownFileType = sourcecode.swift; path = RegularBlur.swift; sourceTree = "<group>"; };
		9929F97D2B16C01700A1C1B6 /* Post.swift */ = {isa = PBXFileReference; lastKnownFileType = sourcecode.swift; path = Post.swift; sourceTree = "<group>"; };
		9929F9842B179CE300A1C1B6 /* Color.swift */ = {isa = PBXFileReference; lastKnownFileType = sourcecode.swift; path = Color.swift; sourceTree = "<group>"; };
		9929F9862B179DA400A1C1B6 /* TextField.swift */ = {isa = PBXFileReference; lastKnownFileType = sourcecode.swift; path = TextField.swift; sourceTree = "<group>"; };
		9929F9882B179DBA00A1C1B6 /* SecureField.swift */ = {isa = PBXFileReference; lastKnownFileType = sourcecode.swift; path = SecureField.swift; sourceTree = "<group>"; };
		9929F98A2B179E0A00A1C1B6 /* Constants.swift */ = {isa = PBXFileReference; lastKnownFileType = sourcecode.swift; path = Constants.swift; sourceTree = "<group>"; };
		9929F98C2B179E4300A1C1B6 /* UserDefaultsUtils.swift */ = {isa = PBXFileReference; lastKnownFileType = sourcecode.swift; path = UserDefaultsUtils.swift; sourceTree = "<group>"; };
		9953D5A82B1C45DA009B1A31 /* ProfileView.swift */ = {isa = PBXFileReference; lastKnownFileType = sourcecode.swift; path = ProfileView.swift; sourceTree = "<group>"; };
		9953D5AA2B1C45FF009B1A31 /* User.swift */ = {isa = PBXFileReference; lastKnownFileType = sourcecode.swift; path = User.swift; sourceTree = "<group>"; };
		9953D5AD2B1CDC51009B1A31 /* TabStateScrollView.swift */ = {isa = PBXFileReference; lastKnownFileType = sourcecode.swift; path = TabStateScrollView.swift; sourceTree = "<group>"; };
		9953D5AF2B1CDD73009B1A31 /* HotFeedView.swift */ = {isa = PBXFileReference; lastKnownFileType = sourcecode.swift; path = HotFeedView.swift; sourceTree = "<group>"; };
		999CF74C2B1ABC550054798E /* PostView.swift */ = {isa = PBXFileReference; lastKnownFileType = sourcecode.swift; path = PostView.swift; sourceTree = "<group>"; };
		99E22FFA2B26079500C0456A /* AddPostView.swift */ = {isa = PBXFileReference; lastKnownFileType = sourcecode.swift; path = AddPostView.swift; sourceTree = "<group>"; };
		99E22FFC2B26333500C0456A /* String.swift */ = {isa = PBXFileReference; lastKnownFileType = sourcecode.swift; path = String.swift; sourceTree = "<group>"; };
		99E4BBE52B20E95700D5D1C8 /* DateViewType.swift */ = {isa = PBXFileReference; lastKnownFileType = sourcecode.swift; path = DateViewType.swift; sourceTree = "<group>"; };
		99E57B722B1B6ED400D524EB /* FeedView.swift */ = {isa = PBXFileReference; lastKnownFileType = sourcecode.swift; path = FeedView.swift; sourceTree = "<group>"; };
		99F83CE32B1B688100497966 /* TabBarView.swift */ = {isa = PBXFileReference; lastKnownFileType = sourcecode.swift; path = TabBarView.swift; sourceTree = "<group>"; };
/* End PBXFileReference section */

/* Begin PBXFrameworksBuildPhase section */
		9929F8CD2B14C5B400A1C1B6 /* Frameworks */ = {
			isa = PBXFrameworksBuildPhase;
			buildActionMask = 2147483647;
			files = (
			);
			runOnlyForDeploymentPostprocessing = 0;
		};
		9929F8DF2B14C5B500A1C1B6 /* Frameworks */ = {
			isa = PBXFrameworksBuildPhase;
			buildActionMask = 2147483647;
			files = (
			);
			runOnlyForDeploymentPostprocessing = 0;
		};
		9929F8E92B14C5B600A1C1B6 /* Frameworks */ = {
			isa = PBXFrameworksBuildPhase;
			buildActionMask = 2147483647;
			files = (
			);
			runOnlyForDeploymentPostprocessing = 0;
		};
/* End PBXFrameworksBuildPhase section */

/* Begin PBXGroup section */
		9929F8C72B14C5B400A1C1B6 = {
			isa = PBXGroup;
			children = (
				9929F8D22B14C5B400A1C1B6 /* BeChill */,
				9929F8E52B14C5B600A1C1B6 /* BeChillTests */,
				9929F8EF2B14C5B600A1C1B6 /* BeChillUITests */,
				9929F8D12B14C5B400A1C1B6 /* Products */,
			);
			sourceTree = "<group>";
		};
		9929F8D12B14C5B400A1C1B6 /* Products */ = {
			isa = PBXGroup;
			children = (
				9929F8D02B14C5B400A1C1B6 /* BeChill.app */,
				9929F8E22B14C5B500A1C1B6 /* BeChillTests.xctest */,
				9929F8EC2B14C5B600A1C1B6 /* BeChillUITests.xctest */,
			);
			name = Products;
			sourceTree = "<group>";
		};
		9929F8D22B14C5B400A1C1B6 /* BeChill */ = {
			isa = PBXGroup;
			children = (
				99E57B742B1B810000D524EB /* Assets */,
				9929F9102B14CABF00A1C1B6 /* Utils */,
				9929F9812B179CB500A1C1B6 /* Extensions */,
				9929F9642B16535C00A1C1B6 /* Info.plist */,
				9929F90E2B14CABF00A1C1B6 /* Service */,
				9929F90B2B14CAB800A1C1B6 /* Model */,
				9929F9062B14CA9F00A1C1B6 /* View */,
				9929F8D32B14C5B400A1C1B6 /* BeChillApp.swift */,
				9929F9082B14CA9F00A1C1B6 /* ContentView.swift */,
				9929F8DB2B14C5B500A1C1B6 /* Preview Content */,
			);
			path = BeChill;
			sourceTree = "<group>";
		};
		9929F8DB2B14C5B500A1C1B6 /* Preview Content */ = {
			isa = PBXGroup;
			children = (
				9929F8DC2B14C5B500A1C1B6 /* Preview Assets.xcassets */,
			);
			path = "Preview Content";
			sourceTree = "<group>";
		};
		9929F8E52B14C5B600A1C1B6 /* BeChillTests */ = {
			isa = PBXGroup;
			children = (
				9929F8E62B14C5B600A1C1B6 /* BeChillTests.swift */,
			);
			path = BeChillTests;
			sourceTree = "<group>";
		};
		9929F8EF2B14C5B600A1C1B6 /* BeChillUITests */ = {
			isa = PBXGroup;
			children = (
				9929F8F02B14C5B600A1C1B6 /* BeChillUITests.swift */,
				9929F8F22B14C5B600A1C1B6 /* BeChillUITestsLaunchTests.swift */,
			);
			path = BeChillUITests;
			sourceTree = "<group>";
		};
		9929F9062B14CA9F00A1C1B6 /* View */ = {
			isa = PBXGroup;
			children = (
				99F83CE12B1B66E500497966 /* Auth */,
				99E57B712B1B6E9400D524EB /* Feed */,
				99E82FBA2B1DB7C900F39301 /* Post */,
				9953D5A72B1C45C2009B1A31 /* Profile */,
				99F83CE22B1B683100497966 /* TabBar */,
				9953D5AC2B1CDC36009B1A31 /* Helpers */,
				9929F9092B14CA9F00A1C1B6 /* Subviews */,
			);
			path = View;
			sourceTree = "<group>";
		};
		9929F9092B14CA9F00A1C1B6 /* Subviews */ = {
			isa = PBXGroup;
			children = (
				9929F9672B16A6C100A1C1B6 /* RegularBlur.swift */,
				9929F9652B16A6BA00A1C1B6 /* MaterialBlur.swift */,
				9929F9242B14CB0500A1C1B6 /* LogoNameView.swift */,
			);
			path = Subviews;
			sourceTree = "<group>";
		};
		9929F90B2B14CAB800A1C1B6 /* Model */ = {
			isa = PBXGroup;
			children = (
				9929F90C2B14CAB800A1C1B6 /* Item.swift */,
				9929F97D2B16C01700A1C1B6 /* Post.swift */,
				9953D5AA2B1C45FF009B1A31 /* User.swift */,
			);
			path = Model;
			sourceTree = "<group>";
		};
		9929F90E2B14CABF00A1C1B6 /* Service */ = {
			isa = PBXGroup;
			children = (
				9929F90F2B14CABF00A1C1B6 /* Auth */,
				9929F9112B14CABF00A1C1B6 /* Firebase */,
			);
			path = Service;
			sourceTree = "<group>";
		};
		9929F90F2B14CABF00A1C1B6 /* Auth */ = {
			isa = PBXGroup;
			children = (
				9929F9262B14CBE700A1C1B6 /* SignInWithApple.swift */,
				9929F9272B14CBE700A1C1B6 /* SignInWithGoogle.swift */,
			);
			path = Auth;
			sourceTree = "<group>";
		};
		9929F9102B14CABF00A1C1B6 /* Utils */ = {
			isa = PBXGroup;
			children = (
				9929F92A2B14CBEF00A1C1B6 /* Errors.swift */,
				9929F92B2B14CBEF00A1C1B6 /* Utils.swift */,
				9929F98A2B179E0A00A1C1B6 /* Constants.swift */,
				9929F98C2B179E4300A1C1B6 /* UserDefaultsUtils.swift */,
				99E4BBE52B20E95700D5D1C8 /* DateViewType.swift */,
			);
			path = Utils;
			sourceTree = "<group>";
		};
		9929F9112B14CABF00A1C1B6 /* Firebase */ = {
			isa = PBXGroup;
			children = (
				9929F92E2B14CBF500A1C1B6 /* AuthService.swift */,
				9929F92F2B14CBF500A1C1B6 /* DataService.swift */,
			);
			path = Firebase;
			sourceTree = "<group>";
		};
		9929F9342B161EAD00A1C1B6 /* Fonts */ = {
			isa = PBXGroup;
			children = (
				9929F9352B161EAD00A1C1B6 /* Abuget.ttf */,
				9929F9372B161EAD00A1C1B6 /* Handwriting Fonts (1). */,
				9929F9472B161EAD00A1C1B6 /* Apalu.ttf */,
				9929F9482B161EAD00A1C1B6 /* Reman.ttf */,
				9929F94B2B161EAD00A1C1B6 /* angelina.TTF */,
			);
			name = Fonts;
			path = BeChill/Assets/Fonts;
			sourceTree = SOURCE_ROOT;
		};
		9929F9372B161EAD00A1C1B6 /* Handwriting Fonts (1). */ = {
			isa = PBXGroup;
			children = (
				9929F9382B161EAD00A1C1B6 /* Worstveld.inf */,
				9929F9392B161EAD00A1C1B6 /* Worstveld oblique.otf */,
				9929F93A2B161EAD00A1C1B6 /* Worstveld.otf */,
				9929F93B2B161EAD00A1C1B6 /* Worstveld Oblique.inf */,
				9929F93C2B161EAD00A1C1B6 /* WorstveldSlingOblique.ttf */,
				9929F93D2B161EAD00A1C1B6 /* Worstveld.pfm */,
				9929F93E2B161EAD00A1C1B6 /* Worstveld.pfb */,
				9929F93F2B161EAD00A1C1B6 /* Worstveld Oblique.afm */,
				9929F9402B161EAD00A1C1B6 /* Worstveld Oblique.pfm */,
				9929F9412B161EAD00A1C1B6 /* Worstveld Oblique.pfb */,
				9929F9422B161EAD00A1C1B6 /* license.txt */,
				9929F9432B161EAD00A1C1B6 /* WorstveldSling.ttf */,
				9929F9442B161EAD00A1C1B6 /* Worstveld.afm */,
			);
			path = "Handwriting Fonts (1).";
			sourceTree = "<group>";
		};
		9929F9812B179CB500A1C1B6 /* Extensions */ = {
			isa = PBXGroup;
			children = (
				9929F9842B179CE300A1C1B6 /* Color.swift */,
				9929F9862B179DA400A1C1B6 /* TextField.swift */,
				9929F9882B179DBA00A1C1B6 /* SecureField.swift */,
				99E22FFC2B26333500C0456A /* String.swift */,
			);
			path = Extensions;
			sourceTree = "<group>";
		};
		9953D5A72B1C45C2009B1A31 /* Profile */ = {
			isa = PBXGroup;
			children = (
				9953D5A82B1C45DA009B1A31 /* ProfileView.swift */,
			);
			path = Profile;
			sourceTree = "<group>";
		};
		9953D5AC2B1CDC36009B1A31 /* Helpers */ = {
			isa = PBXGroup;
			children = (
				9953D5AD2B1CDC51009B1A31 /* TabStateScrollView.swift */,
			);
			path = Helpers;
			sourceTree = "<group>";
		};
		99E57B712B1B6E9400D524EB /* Feed */ = {
			isa = PBXGroup;
			children = (
				99E57B722B1B6ED400D524EB /* FeedView.swift */,
				9953D5AF2B1CDD73009B1A31 /* HotFeedView.swift */,
			);
			path = Feed;
			sourceTree = "<group>";
		};
		99E57B742B1B810000D524EB /* Assets */ = {
			isa = PBXGroup;
			children = (
				9929F8D92B14C5B500A1C1B6 /* Assets.xcassets */,
				9929F9342B161EAD00A1C1B6 /* Fonts */,
			);
			path = Assets;
			sourceTree = "<group>";
		};
		99E82FBA2B1DB7C900F39301 /* Post */ = {
			isa = PBXGroup;
			children = (
				999CF74C2B1ABC550054798E /* PostView.swift */,
				99E22FFA2B26079500C0456A /* AddPostView.swift */,
			);
			path = Post;
			sourceTree = "<group>";
		};
		99F83CE12B1B66E500497966 /* Auth */ = {
			isa = PBXGroup;
			children = (
				9929F9182B14CAFF00A1C1B6 /* SignInView.swift */,
				9929F91A2B14CAFF00A1C1B6 /* SignUpView.swift */,
			);
			path = Auth;
			sourceTree = "<group>";
		};
		99F83CE22B1B683100497966 /* TabBar */ = {
			isa = PBXGroup;
			children = (
				99F83CE32B1B688100497966 /* TabBarView.swift */,
			);
			path = TabBar;
			sourceTree = "<group>";
		};
/* End PBXGroup section */

/* Begin PBXNativeTarget section */
		9929F8CF2B14C5B400A1C1B6 /* BeChill */ = {
			isa = PBXNativeTarget;
			buildConfigurationList = 9929F8F62B14C5B600A1C1B6 /* Build configuration list for PBXNativeTarget "BeChill" */;
			buildPhases = (
				9929F8CC2B14C5B400A1C1B6 /* Sources */,
				9929F8CD2B14C5B400A1C1B6 /* Frameworks */,
				9929F8CE2B14C5B400A1C1B6 /* Resources */,
			);
			buildRules = (
			);
			dependencies = (
			);
			name = BeChill;
			packageProductDependencies = (
			);
			productName = BeChill;
			productReference = 9929F8D02B14C5B400A1C1B6 /* BeChill.app */;
			productType = "com.apple.product-type.application";
		};
		9929F8E12B14C5B500A1C1B6 /* BeChillTests */ = {
			isa = PBXNativeTarget;
			buildConfigurationList = 9929F8F92B14C5B600A1C1B6 /* Build configuration list for PBXNativeTarget "BeChillTests" */;
			buildPhases = (
				9929F8DE2B14C5B500A1C1B6 /* Sources */,
				9929F8DF2B14C5B500A1C1B6 /* Frameworks */,
				9929F8E02B14C5B500A1C1B6 /* Resources */,
			);
			buildRules = (
			);
			dependencies = (
				9929F8E42B14C5B600A1C1B6 /* PBXTargetDependency */,
			);
			name = BeChillTests;
			productName = BeChillTests;
			productReference = 9929F8E22B14C5B500A1C1B6 /* BeChillTests.xctest */;
			productType = "com.apple.product-type.bundle.unit-test";
		};
		9929F8EB2B14C5B600A1C1B6 /* BeChillUITests */ = {
			isa = PBXNativeTarget;
			buildConfigurationList = 9929F8FC2B14C5B600A1C1B6 /* Build configuration list for PBXNativeTarget "BeChillUITests" */;
			buildPhases = (
				9929F8E82B14C5B600A1C1B6 /* Sources */,
				9929F8E92B14C5B600A1C1B6 /* Frameworks */,
				9929F8EA2B14C5B600A1C1B6 /* Resources */,
			);
			buildRules = (
			);
			dependencies = (
				9929F8EE2B14C5B600A1C1B6 /* PBXTargetDependency */,
			);
			name = BeChillUITests;
			productName = BeChillUITests;
			productReference = 9929F8EC2B14C5B600A1C1B6 /* BeChillUITests.xctest */;
			productType = "com.apple.product-type.bundle.ui-testing";
		};
/* End PBXNativeTarget section */

/* Begin PBXProject section */
		9929F8C82B14C5B400A1C1B6 /* Project object */ = {
			isa = PBXProject;
			attributes = {
				BuildIndependentTargetsInParallel = 1;
				LastSwiftUpdateCheck = 1510;
				LastUpgradeCheck = 1510;
				TargetAttributes = {
					9929F8CF2B14C5B400A1C1B6 = {
						CreatedOnToolsVersion = 15.1;
					};
					9929F8E12B14C5B500A1C1B6 = {
						CreatedOnToolsVersion = 15.1;
						TestTargetID = 9929F8CF2B14C5B400A1C1B6;
					};
					9929F8EB2B14C5B600A1C1B6 = {
						CreatedOnToolsVersion = 15.1;
						TestTargetID = 9929F8CF2B14C5B400A1C1B6;
					};
				};
			};
			buildConfigurationList = 9929F8CB2B14C5B400A1C1B6 /* Build configuration list for PBXProject "BeChill" */;
			compatibilityVersion = "Xcode 14.0";
			developmentRegion = en;
			hasScannedForEncodings = 0;
			knownRegions = (
				en,
				Base,
			);
			mainGroup = 9929F8C72B14C5B400A1C1B6;
			packageReferences = (
			);
			productRefGroup = 9929F8D12B14C5B400A1C1B6 /* Products */;
			projectDirPath = "";
			projectRoot = "";
			targets = (
				9929F8CF2B14C5B400A1C1B6 /* BeChill */,
				9929F8E12B14C5B500A1C1B6 /* BeChillTests */,
				9929F8EB2B14C5B600A1C1B6 /* BeChillUITests */,
			);
		};
/* End PBXProject section */

/* Begin PBXResourcesBuildPhase section */
		9929F8CE2B14C5B400A1C1B6 /* Resources */ = {
			isa = PBXResourcesBuildPhase;
			buildActionMask = 2147483647;
			files = (
				9929F9532B161EAD00A1C1B6 /* Worstveld.pfm in Resources */,
				9929F95A2B161EAD00A1C1B6 /* Worstveld.afm in Resources */,
				9929F9562B161EAD00A1C1B6 /* Worstveld Oblique.pfm in Resources */,
				9929F95D2B161EAD00A1C1B6 /* Apalu.ttf in Resources */,
				9929F95E2B161EAD00A1C1B6 /* Reman.ttf in Resources */,
				9929F9542B161EAD00A1C1B6 /* Worstveld.pfb in Resources */,
				9929F9572B161EAD00A1C1B6 /* Worstveld Oblique.pfb in Resources */,
				9929F9512B161EAD00A1C1B6 /* Worstveld Oblique.inf in Resources */,
				9929F9522B161EAD00A1C1B6 /* WorstveldSlingOblique.ttf in Resources */,
				9929F9592B161EAD00A1C1B6 /* WorstveldSling.ttf in Resources */,
				9929F94F2B161EAD00A1C1B6 /* Worstveld oblique.otf in Resources */,
				9929F8DD2B14C5B500A1C1B6 /* Preview Assets.xcassets in Resources */,
				9929F8DA2B14C5B500A1C1B6 /* Assets.xcassets in Resources */,
				9929F94C2B161EAD00A1C1B6 /* Abuget.ttf in Resources */,
				9929F94E2B161EAD00A1C1B6 /* Worstveld.inf in Resources */,
				9929F9582B161EAD00A1C1B6 /* license.txt in Resources */,
				9929F9612B161EAD00A1C1B6 /* angelina.TTF in Resources */,
				9929F9502B161EAD00A1C1B6 /* Worstveld.otf in Resources */,
				9929F9552B161EAD00A1C1B6 /* Worstveld Oblique.afm in Resources */,
			);
			runOnlyForDeploymentPostprocessing = 0;
		};
		9929F8E02B14C5B500A1C1B6 /* Resources */ = {
			isa = PBXResourcesBuildPhase;
			buildActionMask = 2147483647;
			files = (
			);
			runOnlyForDeploymentPostprocessing = 0;
		};
		9929F8EA2B14C5B600A1C1B6 /* Resources */ = {
			isa = PBXResourcesBuildPhase;
			buildActionMask = 2147483647;
			files = (
			);
			runOnlyForDeploymentPostprocessing = 0;
		};
/* End PBXResourcesBuildPhase section */

/* Begin PBXSourcesBuildPhase section */
		9929F8CC2B14C5B400A1C1B6 /* Sources */ = {
			isa = PBXSourcesBuildPhase;
			buildActionMask = 2147483647;
			files = (
				9953D5AB2B1C45FF009B1A31 /* User.swift in Sources */,
				9929F97E2B16C01700A1C1B6 /* Post.swift in Sources */,
				9929F9252B14CB0500A1C1B6 /* LogoNameView.swift in Sources */,
				9929F9872B179DA400A1C1B6 /* TextField.swift in Sources */,
				9929F91E2B14CAFF00A1C1B6 /* SignInView.swift in Sources */,
				99E4BBE62B20E95700D5D1C8 /* DateViewType.swift in Sources */,
				9929F98B2B179E0A00A1C1B6 /* Constants.swift in Sources */,
				9929F90D2B14CAB800A1C1B6 /* Item.swift in Sources */,
				9953D5A92B1C45DA009B1A31 /* ProfileView.swift in Sources */,
				999CF74D2B1ABC550054798E /* PostView.swift in Sources */,
				9929F92D2B14CBEF00A1C1B6 /* Utils.swift in Sources */,
				9929F92C2B14CBEF00A1C1B6 /* Errors.swift in Sources */,
				99E22FFD2B26333500C0456A /* String.swift in Sources */,
				9929F90A2B14CA9F00A1C1B6 /* ContentView.swift in Sources */,
				9929F9202B14CAFF00A1C1B6 /* SignUpView.swift in Sources */,
				99E22FFB2B26079500C0456A /* AddPostView.swift in Sources */,
				9929F9662B16A6BA00A1C1B6 /* MaterialBlur.swift in Sources */,
				9929F9292B14CBE700A1C1B6 /* SignInWithGoogle.swift in Sources */,
				9929F9852B179CE300A1C1B6 /* Color.swift in Sources */,
				9929F9682B16A6C100A1C1B6 /* RegularBlur.swift in Sources */,
				99E57B732B1B6ED400D524EB /* FeedView.swift in Sources */,
				9953D5AE2B1CDC51009B1A31 /* TabStateScrollView.swift in Sources */,
				9929F8D42B14C5B400A1C1B6 /* BeChillApp.swift in Sources */,
				9929F9282B14CBE700A1C1B6 /* SignInWithApple.swift in Sources */,
				9929F98D2B179E4300A1C1B6 /* UserDefaultsUtils.swift in Sources */,
				9929F9892B179DBA00A1C1B6 /* SecureField.swift in Sources */,
				99F83CE42B1B688100497966 /* TabBarView.swift in Sources */,
				9929F9302B14CBF500A1C1B6 /* AuthService.swift in Sources */,
				9953D5B02B1CDD73009B1A31 /* HotFeedView.swift in Sources */,
				9929F9312B14CBF500A1C1B6 /* DataService.swift in Sources */,
			);
			runOnlyForDeploymentPostprocessing = 0;
		};
		9929F8DE2B14C5B500A1C1B6 /* Sources */ = {
			isa = PBXSourcesBuildPhase;
			buildActionMask = 2147483647;
			files = (
				9929F8E72B14C5B600A1C1B6 /* BeChillTests.swift in Sources */,
			);
			runOnlyForDeploymentPostprocessing = 0;
		};
		9929F8E82B14C5B600A1C1B6 /* Sources */ = {
			isa = PBXSourcesBuildPhase;
			buildActionMask = 2147483647;
			files = (
				9929F8F32B14C5B600A1C1B6 /* BeChillUITestsLaunchTests.swift in Sources */,
				9929F8F12B14C5B600A1C1B6 /* BeChillUITests.swift in Sources */,
			);
			runOnlyForDeploymentPostprocessing = 0;
		};
/* End PBXSourcesBuildPhase section */

/* Begin PBXTargetDependency section */
		9929F8E42B14C5B600A1C1B6 /* PBXTargetDependency */ = {
			isa = PBXTargetDependency;
			target = 9929F8CF2B14C5B400A1C1B6 /* BeChill */;
			targetProxy = 9929F8E32B14C5B600A1C1B6 /* PBXContainerItemProxy */;
		};
		9929F8EE2B14C5B600A1C1B6 /* PBXTargetDependency */ = {
			isa = PBXTargetDependency;
			target = 9929F8CF2B14C5B400A1C1B6 /* BeChill */;
			targetProxy = 9929F8ED2B14C5B600A1C1B6 /* PBXContainerItemProxy */;
		};
/* End PBXTargetDependency section */

/* Begin XCBuildConfiguration section */
		9929F8F42B14C5B600A1C1B6 /* Debug */ = {
			isa = XCBuildConfiguration;
			buildSettings = {
				ALWAYS_SEARCH_USER_PATHS = NO;
				ARCHS = "$(ARCHS_STANDARD)";
				ASSETCATALOG_COMPILER_GENERATE_SWIFT_ASSET_SYMBOL_EXTENSIONS = YES;
				CLANG_ANALYZER_NONNULL = YES;
				CLANG_ANALYZER_NUMBER_OBJECT_CONVERSION = YES_AGGRESSIVE;
				CLANG_CXX_LANGUAGE_STANDARD = "gnu++20";
				CLANG_ENABLE_MODULES = YES;
				CLANG_ENABLE_OBJC_ARC = YES;
				CLANG_ENABLE_OBJC_WEAK = YES;
				CLANG_WARN_BLOCK_CAPTURE_AUTORELEASING = YES;
				CLANG_WARN_BOOL_CONVERSION = YES;
				CLANG_WARN_COMMA = YES;
				CLANG_WARN_CONSTANT_CONVERSION = YES;
				CLANG_WARN_DEPRECATED_OBJC_IMPLEMENTATIONS = YES;
				CLANG_WARN_DIRECT_OBJC_ISA_USAGE = YES_ERROR;
				CLANG_WARN_DOCUMENTATION_COMMENTS = YES;
				CLANG_WARN_EMPTY_BODY = YES;
				CLANG_WARN_ENUM_CONVERSION = YES;
				CLANG_WARN_INFINITE_RECURSION = YES;
				CLANG_WARN_INT_CONVERSION = YES;
				CLANG_WARN_NON_LITERAL_NULL_CONVERSION = YES;
				CLANG_WARN_OBJC_IMPLICIT_RETAIN_SELF = YES;
				CLANG_WARN_OBJC_LITERAL_CONVERSION = YES;
				CLANG_WARN_OBJC_ROOT_CLASS = YES_ERROR;
				CLANG_WARN_QUOTED_INCLUDE_IN_FRAMEWORK_HEADER = YES;
				CLANG_WARN_RANGE_LOOP_ANALYSIS = YES;
				CLANG_WARN_STRICT_PROTOTYPES = YES;
				CLANG_WARN_SUSPICIOUS_MOVE = YES;
				CLANG_WARN_UNGUARDED_AVAILABILITY = YES_AGGRESSIVE;
				CLANG_WARN_UNREACHABLE_CODE = YES;
				CLANG_WARN__DUPLICATE_METHOD_MATCH = YES;
				COPY_PHASE_STRIP = NO;
				DEBUG_INFORMATION_FORMAT = dwarf;
				ENABLE_STRICT_OBJC_MSGSEND = YES;
				ENABLE_TESTABILITY = YES;
				ENABLE_USER_SCRIPT_SANDBOXING = YES;
				GCC_C_LANGUAGE_STANDARD = gnu17;
				GCC_DYNAMIC_NO_PIC = NO;
				GCC_NO_COMMON_BLOCKS = YES;
				GCC_OPTIMIZATION_LEVEL = 0;
				GCC_PREPROCESSOR_DEFINITIONS = (
					"DEBUG=1",
					"$(inherited)",
				);
				GCC_WARN_64_TO_32_BIT_CONVERSION = YES;
				GCC_WARN_ABOUT_RETURN_TYPE = YES_ERROR;
				GCC_WARN_UNDECLARED_SELECTOR = YES;
				GCC_WARN_UNINITIALIZED_AUTOS = YES_AGGRESSIVE;
				GCC_WARN_UNUSED_FUNCTION = YES;
				GCC_WARN_UNUSED_VARIABLE = YES;
				IPHONEOS_DEPLOYMENT_TARGET = 17.2;
				LOCALIZATION_PREFERS_STRING_CATALOGS = YES;
				MTL_ENABLE_DEBUG_INFO = INCLUDE_SOURCE;
				MTL_FAST_MATH = YES;
				NEW_SETTING = "";
				ONLY_ACTIVE_ARCH = YES;
				SDKROOT = iphoneos;
				SWIFT_ACTIVE_COMPILATION_CONDITIONS = "DEBUG $(inherited)";
				SWIFT_OPTIMIZATION_LEVEL = "-Onone";
			};
			name = Debug;
		};
		9929F8F52B14C5B600A1C1B6 /* Release */ = {
			isa = XCBuildConfiguration;
			buildSettings = {
				ALWAYS_SEARCH_USER_PATHS = NO;
				ASSETCATALOG_COMPILER_GENERATE_SWIFT_ASSET_SYMBOL_EXTENSIONS = YES;
				CLANG_ANALYZER_NONNULL = YES;
				CLANG_ANALYZER_NUMBER_OBJECT_CONVERSION = YES_AGGRESSIVE;
				CLANG_CXX_LANGUAGE_STANDARD = "gnu++20";
				CLANG_ENABLE_MODULES = YES;
				CLANG_ENABLE_OBJC_ARC = YES;
				CLANG_ENABLE_OBJC_WEAK = YES;
				CLANG_WARN_BLOCK_CAPTURE_AUTORELEASING = YES;
				CLANG_WARN_BOOL_CONVERSION = YES;
				CLANG_WARN_COMMA = YES;
				CLANG_WARN_CONSTANT_CONVERSION = YES;
				CLANG_WARN_DEPRECATED_OBJC_IMPLEMENTATIONS = YES;
				CLANG_WARN_DIRECT_OBJC_ISA_USAGE = YES_ERROR;
				CLANG_WARN_DOCUMENTATION_COMMENTS = YES;
				CLANG_WARN_EMPTY_BODY = YES;
				CLANG_WARN_ENUM_CONVERSION = YES;
				CLANG_WARN_INFINITE_RECURSION = YES;
				CLANG_WARN_INT_CONVERSION = YES;
				CLANG_WARN_NON_LITERAL_NULL_CONVERSION = YES;
				CLANG_WARN_OBJC_IMPLICIT_RETAIN_SELF = YES;
				CLANG_WARN_OBJC_LITERAL_CONVERSION = YES;
				CLANG_WARN_OBJC_ROOT_CLASS = YES_ERROR;
				CLANG_WARN_QUOTED_INCLUDE_IN_FRAMEWORK_HEADER = YES;
				CLANG_WARN_RANGE_LOOP_ANALYSIS = YES;
				CLANG_WARN_STRICT_PROTOTYPES = YES;
				CLANG_WARN_SUSPICIOUS_MOVE = YES;
				CLANG_WARN_UNGUARDED_AVAILABILITY = YES_AGGRESSIVE;
				CLANG_WARN_UNREACHABLE_CODE = YES;
				CLANG_WARN__DUPLICATE_METHOD_MATCH = YES;
				COPY_PHASE_STRIP = NO;
				DEBUG_INFORMATION_FORMAT = "dwarf-with-dsym";
				ENABLE_NS_ASSERTIONS = NO;
				ENABLE_STRICT_OBJC_MSGSEND = YES;
				ENABLE_USER_SCRIPT_SANDBOXING = YES;
				GCC_C_LANGUAGE_STANDARD = gnu17;
				GCC_NO_COMMON_BLOCKS = YES;
				GCC_WARN_64_TO_32_BIT_CONVERSION = YES;
				GCC_WARN_ABOUT_RETURN_TYPE = YES_ERROR;
				GCC_WARN_UNDECLARED_SELECTOR = YES;
				GCC_WARN_UNINITIALIZED_AUTOS = YES_AGGRESSIVE;
				GCC_WARN_UNUSED_FUNCTION = YES;
				GCC_WARN_UNUSED_VARIABLE = YES;
				IPHONEOS_DEPLOYMENT_TARGET = 17.2;
				LOCALIZATION_PREFERS_STRING_CATALOGS = YES;
				MTL_ENABLE_DEBUG_INFO = NO;
				MTL_FAST_MATH = YES;
				NEW_SETTING = "";
				SDKROOT = iphoneos;
				SWIFT_COMPILATION_MODE = wholemodule;
				VALIDATE_PRODUCT = YES;
			};
			name = Release;
		};
		9929F8F72B14C5B600A1C1B6 /* Debug */ = {
			isa = XCBuildConfiguration;
			buildSettings = {
				ASSETCATALOG_COMPILER_APPICON_NAME = AppIcon;
				ASSETCATALOG_COMPILER_GLOBAL_ACCENT_COLOR_NAME = AccentColor;
				CODE_SIGN_STYLE = Automatic;
				CURRENT_PROJECT_VERSION = 1;
				DEVELOPMENT_ASSET_PATHS = "\"BeChill/Preview Content\"";
				DEVELOPMENT_TEAM = 7A56SCUDQD;
				ENABLE_PREVIEWS = YES;
				GENERATE_INFOPLIST_FILE = YES;
				INFOPLIST_FILE = BeChill/Info.plist;
				INFOPLIST_KEY_UIApplicationSceneManifest_Generation = YES;
				INFOPLIST_KEY_UIApplicationSupportsIndirectInputEvents = YES;
				INFOPLIST_KEY_UILaunchScreen_Generation = YES;
				INFOPLIST_KEY_UISupportedInterfaceOrientations_iPad = "UIInterfaceOrientationPortrait UIInterfaceOrientationPortraitUpsideDown UIInterfaceOrientationLandscapeLeft UIInterfaceOrientationLandscapeRight";
				INFOPLIST_KEY_UISupportedInterfaceOrientations_iPhone = "UIInterfaceOrientationPortrait UIInterfaceOrientationLandscapeLeft UIInterfaceOrientationLandscapeRight";
				LD_RUNPATH_SEARCH_PATHS = (
					"$(inherited)",
					"@executable_path/Frameworks",
				);
				MARKETING_VERSION = 1.0;
				PRODUCT_BUNDLE_IDENTIFIER = kubiakk.BeChill;
				PRODUCT_NAME = "$(TARGET_NAME)";
				SWIFT_EMIT_LOC_STRINGS = YES;
				SWIFT_VERSION = 5.0;
				TARGETED_DEVICE_FAMILY = "1,2";
			};
			name = Debug;
		};
		9929F8F82B14C5B600A1C1B6 /* Release */ = {
			isa = XCBuildConfiguration;
			buildSettings = {
				ASSETCATALOG_COMPILER_APPICON_NAME = AppIcon;
				ASSETCATALOG_COMPILER_GLOBAL_ACCENT_COLOR_NAME = AccentColor;
				CODE_SIGN_STYLE = Automatic;
				CURRENT_PROJECT_VERSION = 1;
				DEVELOPMENT_ASSET_PATHS = "\"BeChill/Preview Content\"";
				DEVELOPMENT_TEAM = 7A56SCUDQD;
				ENABLE_PREVIEWS = YES;
				GENERATE_INFOPLIST_FILE = YES;
				INFOPLIST_FILE = BeChill/Info.plist;
				INFOPLIST_KEY_UIApplicationSceneManifest_Generation = YES;
				INFOPLIST_KEY_UIApplicationSupportsIndirectInputEvents = YES;
				INFOPLIST_KEY_UILaunchScreen_Generation = YES;
				INFOPLIST_KEY_UISupportedInterfaceOrientations_iPad = "UIInterfaceOrientationPortrait UIInterfaceOrientationPortraitUpsideDown UIInterfaceOrientationLandscapeLeft UIInterfaceOrientationLandscapeRight";
				INFOPLIST_KEY_UISupportedInterfaceOrientations_iPhone = "UIInterfaceOrientationPortrait UIInterfaceOrientationLandscapeLeft UIInterfaceOrientationLandscapeRight";
				LD_RUNPATH_SEARCH_PATHS = (
					"$(inherited)",
					"@executable_path/Frameworks",
				);
				MARKETING_VERSION = 1.0;
				PRODUCT_BUNDLE_IDENTIFIER = kubiakk.BeChill;
				PRODUCT_NAME = "$(TARGET_NAME)";
				SWIFT_EMIT_LOC_STRINGS = YES;
				SWIFT_VERSION = 5.0;
				TARGETED_DEVICE_FAMILY = "1,2";
			};
			name = Release;
		};
		9929F8FA2B14C5B600A1C1B6 /* Debug */ = {
			isa = XCBuildConfiguration;
			buildSettings = {
				ALWAYS_EMBED_SWIFT_STANDARD_LIBRARIES = YES;
				BUNDLE_LOADER = "$(TEST_HOST)";
				CODE_SIGN_STYLE = Automatic;
				CURRENT_PROJECT_VERSION = 1;
				DEVELOPMENT_TEAM = 7A56SCUDQD;
				GENERATE_INFOPLIST_FILE = YES;
				IPHONEOS_DEPLOYMENT_TARGET = 17.2;
				MARKETING_VERSION = 1.0;
				PRODUCT_BUNDLE_IDENTIFIER = kubiakk.BeChillTests;
				PRODUCT_NAME = "$(TARGET_NAME)";
				SWIFT_EMIT_LOC_STRINGS = NO;
				SWIFT_VERSION = 5.0;
				TARGETED_DEVICE_FAMILY = "1,2";
				TEST_HOST = "$(BUILT_PRODUCTS_DIR)/BeChill.app/$(BUNDLE_EXECUTABLE_FOLDER_PATH)/BeChill";
			};
			name = Debug;
		};
		9929F8FB2B14C5B600A1C1B6 /* Release */ = {
			isa = XCBuildConfiguration;
			buildSettings = {
				ALWAYS_EMBED_SWIFT_STANDARD_LIBRARIES = YES;
				BUNDLE_LOADER = "$(TEST_HOST)";
				CODE_SIGN_STYLE = Automatic;
				CURRENT_PROJECT_VERSION = 1;
				DEVELOPMENT_TEAM = 7A56SCUDQD;
				GENERATE_INFOPLIST_FILE = YES;
				IPHONEOS_DEPLOYMENT_TARGET = 17.2;
				MARKETING_VERSION = 1.0;
				PRODUCT_BUNDLE_IDENTIFIER = kubiakk.BeChillTests;
				PRODUCT_NAME = "$(TARGET_NAME)";
				SWIFT_EMIT_LOC_STRINGS = NO;
				SWIFT_VERSION = 5.0;
				TARGETED_DEVICE_FAMILY = "1,2";
				TEST_HOST = "$(BUILT_PRODUCTS_DIR)/BeChill.app/$(BUNDLE_EXECUTABLE_FOLDER_PATH)/BeChill";
			};
			name = Release;
		};
		9929F8FD2B14C5B600A1C1B6 /* Debug */ = {
			isa = XCBuildConfiguration;
			buildSettings = {
				ALWAYS_EMBED_SWIFT_STANDARD_LIBRARIES = YES;
				CODE_SIGN_STYLE = Automatic;
				CURRENT_PROJECT_VERSION = 1;
				DEVELOPMENT_TEAM = 7A56SCUDQD;
				GENERATE_INFOPLIST_FILE = YES;
				MARKETING_VERSION = 1.0;
				PRODUCT_BUNDLE_IDENTIFIER = kubiakk.BeChillUITests;
				PRODUCT_NAME = "$(TARGET_NAME)";
				SWIFT_EMIT_LOC_STRINGS = NO;
				SWIFT_VERSION = 5.0;
				TARGETED_DEVICE_FAMILY = "1,2";
				TEST_TARGET_NAME = BeChill;
			};
			name = Debug;
		};
		9929F8FE2B14C5B600A1C1B6 /* Release */ = {
			isa = XCBuildConfiguration;
			buildSettings = {
				ALWAYS_EMBED_SWIFT_STANDARD_LIBRARIES = YES;
				CODE_SIGN_STYLE = Automatic;
				CURRENT_PROJECT_VERSION = 1;
				DEVELOPMENT_TEAM = 7A56SCUDQD;
				GENERATE_INFOPLIST_FILE = YES;
				MARKETING_VERSION = 1.0;
				PRODUCT_BUNDLE_IDENTIFIER = kubiakk.BeChillUITests;
				PRODUCT_NAME = "$(TARGET_NAME)";
				SWIFT_EMIT_LOC_STRINGS = NO;
				SWIFT_VERSION = 5.0;
				TARGETED_DEVICE_FAMILY = "1,2";
				TEST_TARGET_NAME = BeChill;
			};
			name = Release;
		};
/* End XCBuildConfiguration section */

/* Begin XCConfigurationList section */
		9929F8CB2B14C5B400A1C1B6 /* Build configuration list for PBXProject "BeChill" */ = {
			isa = XCConfigurationList;
			buildConfigurations = (
				9929F8F42B14C5B600A1C1B6 /* Debug */,
				9929F8F52B14C5B600A1C1B6 /* Release */,
			);
			defaultConfigurationIsVisible = 0;
			defaultConfigurationName = Release;
		};
		9929F8F62B14C5B600A1C1B6 /* Build configuration list for PBXNativeTarget "BeChill" */ = {
			isa = XCConfigurationList;
			buildConfigurations = (
				9929F8F72B14C5B600A1C1B6 /* Debug */,
				9929F8F82B14C5B600A1C1B6 /* Release */,
			);
			defaultConfigurationIsVisible = 0;
			defaultConfigurationName = Release;
		};
		9929F8F92B14C5B600A1C1B6 /* Build configuration list for PBXNativeTarget "BeChillTests" */ = {
			isa = XCConfigurationList;
			buildConfigurations = (
				9929F8FA2B14C5B600A1C1B6 /* Debug */,
				9929F8FB2B14C5B600A1C1B6 /* Release */,
			);
			defaultConfigurationIsVisible = 0;
			defaultConfigurationName = Release;
		};
		9929F8FC2B14C5B600A1C1B6 /* Build configuration list for PBXNativeTarget "BeChillUITests" */ = {
			isa = XCConfigurationList;
			buildConfigurations = (
				9929F8FD2B14C5B600A1C1B6 /* Debug */,
				9929F8FE2B14C5B600A1C1B6 /* Release */,
			);
			defaultConfigurationIsVisible = 0;
			defaultConfigurationName = Release;
		};
/* End XCConfigurationList section */
	};
	rootObject = 9929F8C82B14C5B400A1C1B6 /* Project object */;
}
